// !$*UTF8*$!
{
	archiveVersion = 1;
	classes = {
	};
	objectVersion = 55;
	objects = {

/* Begin PBXBuildFile section */
		830CC40D284F9B0400C7029C /* SectionButton.swift in Sources */ = {isa = PBXBuildFile; fileRef = 830CC40C284F9B0400C7029C /* SectionButton.swift */; };
		830CC40F284FA11D00C7029C /* PTextField.swift in Sources */ = {isa = PBXBuildFile; fileRef = 830CC40E284FA11D00C7029C /* PTextField.swift */; };
		8352AA5D2839202A00B3EA3E /* ProfileSettingsView.swift in Sources */ = {isa = PBXBuildFile; fileRef = 8352AA5C2839202A00B3EA3E /* ProfileSettingsView.swift */; };
		8352AA5F2839245D00B3EA3E /* ResetPasswordView.swift in Sources */ = {isa = PBXBuildFile; fileRef = 8352AA5E2839245D00B3EA3E /* ResetPasswordView.swift */; };
		8352AA61283927BA00B3EA3E /* SessionView.swift in Sources */ = {isa = PBXBuildFile; fileRef = 8352AA60283927BA00B3EA3E /* SessionView.swift */; };
		83AFC8F9284FE10F0027031C /* OnBoardingContainerView.swift in Sources */ = {isa = PBXBuildFile; fileRef = 83AFC8F8284FE10F0027031C /* OnBoardingContainerView.swift */; };
		83AFC8FB284FEC2C0027031C /* PackageCard.swift in Sources */ = {isa = PBXBuildFile; fileRef = 83AFC8FA284FEC2C0027031C /* PackageCard.swift */; };
		83C5A9632837BF4C00C23AB1 /* ParcelAppApp.swift in Sources */ = {isa = PBXBuildFile; fileRef = 83C5A9622837BF4C00C23AB1 /* ParcelAppApp.swift */; };
		83C5A9652837BF4C00C23AB1 /* ContentView.swift in Sources */ = {isa = PBXBuildFile; fileRef = 83C5A9642837BF4C00C23AB1 /* ContentView.swift */; };
		83C5A9672837BF4D00C23AB1 /* Assets.xcassets in Resources */ = {isa = PBXBuildFile; fileRef = 83C5A9662837BF4D00C23AB1 /* Assets.xcassets */; };
		83C5A96A2837BF4D00C23AB1 /* Preview Assets.xcassets in Resources */ = {isa = PBXBuildFile; fileRef = 83C5A9692837BF4D00C23AB1 /* Preview Assets.xcassets */; };
		83C5A9712837C1DA00C23AB1 /* OnBoardingView.swift in Sources */ = {isa = PBXBuildFile; fileRef = 83C5A9702837C1DA00C23AB1 /* OnBoardingView.swift */; };
		83C5A9742837C35A00C23AB1 /* Color+Extension.swift in Sources */ = {isa = PBXBuildFile; fileRef = 83C5A9732837C35A00C23AB1 /* Color+Extension.swift */; };
		83C5A9762837D34400C23AB1 /* PButtonStyle.swift in Sources */ = {isa = PBXBuildFile; fileRef = 83C5A9752837D34400C23AB1 /* PButtonStyle.swift */; };
		83C5A9792837E24500C23AB1 /* TabBar.swift in Sources */ = {isa = PBXBuildFile; fileRef = 83C5A9782837E24500C23AB1 /* TabBar.swift */; };
		83C5A97C2837E3DA00C23AB1 /* StrokeStyle.swift in Sources */ = {isa = PBXBuildFile; fileRef = 83C5A97B2837E3DA00C23AB1 /* StrokeStyle.swift */; };
		83C5A97E2837E41300C23AB1 /* View+Extension.swift in Sources */ = {isa = PBXBuildFile; fileRef = 83C5A97D2837E41300C23AB1 /* View+Extension.swift */; };
		83C5A9822837E56000C23AB1 /* TrackingSearchView.swift in Sources */ = {isa = PBXBuildFile; fileRef = 83C5A9812837E56000C23AB1 /* TrackingSearchView.swift */; };
		83C5A9842837ECA800C23AB1 /* TrackingDetailView.swift in Sources */ = {isa = PBXBuildFile; fileRef = 83C5A9832837ECA800C23AB1 /* TrackingDetailView.swift */; };
		83C5A9862837FA0500C23AB1 /* LocationDetailView.swift in Sources */ = {isa = PBXBuildFile; fileRef = 83C5A9852837FA0500C23AB1 /* LocationDetailView.swift */; };
		83C5A98B2838060C00C23AB1 /* AccountView.swift in Sources */ = {isa = PBXBuildFile; fileRef = 83C5A98A2838060C00C23AB1 /* AccountView.swift */; };
		83D0A10528513AF80036F393 /* PackageLocation.swift in Sources */ = {isa = PBXBuildFile; fileRef = 83D0A10428513AF80036F393 /* PackageLocation.swift */; };
		83D0A10728513BFA0036F393 /* PackageStatusView.swift in Sources */ = {isa = PBXBuildFile; fileRef = 83D0A10628513BFA0036F393 /* PackageStatusView.swift */; };
		83D0A109285146000036F393 /* AppSetting.swift in Sources */ = {isa = PBXBuildFile; fileRef = 83D0A108285146000036F393 /* AppSetting.swift */; };
		83F8F17F2850DBFF005A9877 /* Package.swift in Sources */ = {isa = PBXBuildFile; fileRef = 83F8F17E2850DBFF005A9877 /* Package.swift */; };
		83F8F1812850DC4C005A9877 /* ContentDimension.swift in Sources */ = {isa = PBXBuildFile; fileRef = 83F8F1802850DC4C005A9877 /* ContentDimension.swift */; };
		83F8F1832850DE97005A9877 /* TrackingHistoryView.swift in Sources */ = {isa = PBXBuildFile; fileRef = 83F8F1822850DE97005A9877 /* TrackingHistoryView.swift */; };
		83F8F1852850E89A005A9877 /* LocationStatusView.swift in Sources */ = {isa = PBXBuildFile; fileRef = 83F8F1842850E89A005A9877 /* LocationStatusView.swift */; };
/* End PBXBuildFile section */

/* Begin PBXFileReference section */
		830CC40C284F9B0400C7029C /* SectionButton.swift */ = {isa = PBXFileReference; lastKnownFileType = sourcecode.swift; path = SectionButton.swift; sourceTree = "<group>"; };
		830CC40E284FA11D00C7029C /* PTextField.swift */ = {isa = PBXFileReference; lastKnownFileType = sourcecode.swift; path = PTextField.swift; sourceTree = "<group>"; };
		8352AA5C2839202A00B3EA3E /* ProfileSettingsView.swift */ = {isa = PBXFileReference; lastKnownFileType = sourcecode.swift; path = ProfileSettingsView.swift; sourceTree = "<group>"; };
		8352AA5E2839245D00B3EA3E /* ResetPasswordView.swift */ = {isa = PBXFileReference; lastKnownFileType = sourcecode.swift; path = ResetPasswordView.swift; sourceTree = "<group>"; };
		8352AA60283927BA00B3EA3E /* SessionView.swift */ = {isa = PBXFileReference; lastKnownFileType = sourcecode.swift; path = SessionView.swift; sourceTree = "<group>"; };
		83AFC8F8284FE10F0027031C /* OnBoardingContainerView.swift */ = {isa = PBXFileReference; lastKnownFileType = sourcecode.swift; path = OnBoardingContainerView.swift; sourceTree = "<group>"; };
		83AFC8FA284FEC2C0027031C /* PackageCard.swift */ = {isa = PBXFileReference; lastKnownFileType = sourcecode.swift; path = PackageCard.swift; sourceTree = "<group>"; };
		83C5A95F2837BF4C00C23AB1 /* UBox.app */ = {isa = PBXFileReference; explicitFileType = wrapper.application; includeInIndex = 0; path = UBox.app; sourceTree = BUILT_PRODUCTS_DIR; };
		83C5A9622837BF4C00C23AB1 /* ParcelAppApp.swift */ = {isa = PBXFileReference; lastKnownFileType = sourcecode.swift; path = ParcelAppApp.swift; sourceTree = "<group>"; };
		83C5A9642837BF4C00C23AB1 /* ContentView.swift */ = {isa = PBXFileReference; lastKnownFileType = sourcecode.swift; path = ContentView.swift; sourceTree = "<group>"; };
		83C5A9662837BF4D00C23AB1 /* Assets.xcassets */ = {isa = PBXFileReference; lastKnownFileType = folder.assetcatalog; path = Assets.xcassets; sourceTree = "<group>"; };
		83C5A9692837BF4D00C23AB1 /* Preview Assets.xcassets */ = {isa = PBXFileReference; lastKnownFileType = folder.assetcatalog; path = "Preview Assets.xcassets"; sourceTree = "<group>"; };
		83C5A9702837C1DA00C23AB1 /* OnBoardingView.swift */ = {isa = PBXFileReference; lastKnownFileType = sourcecode.swift; path = OnBoardingView.swift; sourceTree = "<group>"; };
		83C5A9732837C35A00C23AB1 /* Color+Extension.swift */ = {isa = PBXFileReference; lastKnownFileType = sourcecode.swift; path = "Color+Extension.swift"; sourceTree = "<group>"; };
		83C5A9752837D34400C23AB1 /* PButtonStyle.swift */ = {isa = PBXFileReference; lastKnownFileType = sourcecode.swift; path = PButtonStyle.swift; sourceTree = "<group>"; };
		83C5A9782837E24500C23AB1 /* TabBar.swift */ = {isa = PBXFileReference; lastKnownFileType = sourcecode.swift; path = TabBar.swift; sourceTree = "<group>"; };
		83C5A97B2837E3DA00C23AB1 /* StrokeStyle.swift */ = {isa = PBXFileReference; lastKnownFileType = sourcecode.swift; path = StrokeStyle.swift; sourceTree = "<group>"; };
		83C5A97D2837E41300C23AB1 /* View+Extension.swift */ = {isa = PBXFileReference; lastKnownFileType = sourcecode.swift; path = "View+Extension.swift"; sourceTree = "<group>"; };
		83C5A9812837E56000C23AB1 /* TrackingSearchView.swift */ = {isa = PBXFileReference; lastKnownFileType = sourcecode.swift; path = TrackingSearchView.swift; sourceTree = "<group>"; };
		83C5A9832837ECA800C23AB1 /* TrackingDetailView.swift */ = {isa = PBXFileReference; lastKnownFileType = sourcecode.swift; path = TrackingDetailView.swift; sourceTree = "<group>"; };
		83C5A9852837FA0500C23AB1 /* LocationDetailView.swift */ = {isa = PBXFileReference; lastKnownFileType = sourcecode.swift; path = LocationDetailView.swift; sourceTree = "<group>"; };
		83C5A98A2838060C00C23AB1 /* AccountView.swift */ = {isa = PBXFileReference; lastKnownFileType = sourcecode.swift; path = AccountView.swift; sourceTree = "<group>"; };
		83D0A10428513AF80036F393 /* PackageLocation.swift */ = {isa = PBXFileReference; lastKnownFileType = sourcecode.swift; path = PackageLocation.swift; sourceTree = "<group>"; };
		83D0A10628513BFA0036F393 /* PackageStatusView.swift */ = {isa = PBXFileReference; lastKnownFileType = sourcecode.swift; path = PackageStatusView.swift; sourceTree = "<group>"; };
		83D0A108285146000036F393 /* AppSetting.swift */ = {isa = PBXFileReference; lastKnownFileType = sourcecode.swift; path = AppSetting.swift; sourceTree = "<group>"; };
		83F8F17E2850DBFF005A9877 /* Package.swift */ = {isa = PBXFileReference; lastKnownFileType = sourcecode.swift; path = Package.swift; sourceTree = "<group>"; };
		83F8F1802850DC4C005A9877 /* ContentDimension.swift */ = {isa = PBXFileReference; lastKnownFileType = sourcecode.swift; path = ContentDimension.swift; sourceTree = "<group>"; };
		83F8F1822850DE97005A9877 /* TrackingHistoryView.swift */ = {isa = PBXFileReference; lastKnownFileType = sourcecode.swift; path = TrackingHistoryView.swift; sourceTree = "<group>"; };
		83F8F1842850E89A005A9877 /* LocationStatusView.swift */ = {isa = PBXFileReference; lastKnownFileType = sourcecode.swift; path = LocationStatusView.swift; sourceTree = "<group>"; };
/* End PBXFileReference section */

/* Begin PBXFrameworksBuildPhase section */
		83C5A95C2837BF4C00C23AB1 /* Frameworks */ = {
			isa = PBXFrameworksBuildPhase;
			buildActionMask = 2147483647;
			files = (
			);
			runOnlyForDeploymentPostprocessing = 0;
		};
/* End PBXFrameworksBuildPhase section */

/* Begin PBXGroup section */
		83C5A9562837BF4C00C23AB1 = {
			isa = PBXGroup;
			children = (
				83C5A9612837BF4C00C23AB1 /* ParcelApp */,
				83C5A9602837BF4C00C23AB1 /* Products */,
			);
			sourceTree = "<group>";
		};
		83C5A9602837BF4C00C23AB1 /* Products */ = {
			isa = PBXGroup;
			children = (
				83C5A95F2837BF4C00C23AB1 /* UBox.app */,
			);
			name = Products;
			sourceTree = "<group>";
		};
		83C5A9612837BF4C00C23AB1 /* ParcelApp */ = {
			isa = PBXGroup;
			children = (
				83F8F17D2850DBE7005A9877 /* Model */,
				83C5A97A2837E3BF00C23AB1 /* Components */,
				83C5A9772837E22B00C23AB1 /* Navigation */,
				83C5A9722837C34C00C23AB1 /* Extensions */,
				83C5A988283805DC00C23AB1 /* Views */,
				83C5A9622837BF4C00C23AB1 /* ParcelAppApp.swift */,
				83C5A9662837BF4D00C23AB1 /* Assets.xcassets */,
				83C5A9682837BF4D00C23AB1 /* Preview Content */,
			);
			path = ParcelApp;
			sourceTree = "<group>";
		};
		83C5A9682837BF4D00C23AB1 /* Preview Content */ = {
			isa = PBXGroup;
			children = (
				83C5A9692837BF4D00C23AB1 /* Preview Assets.xcassets */,
			);
			path = "Preview Content";
			sourceTree = "<group>";
		};
		83C5A9722837C34C00C23AB1 /* Extensions */ = {
			isa = PBXGroup;
			children = (
				83C5A9732837C35A00C23AB1 /* Color+Extension.swift */,
				83C5A97D2837E41300C23AB1 /* View+Extension.swift */,
			);
			path = Extensions;
			sourceTree = "<group>";
		};
		83C5A9772837E22B00C23AB1 /* Navigation */ = {
			isa = PBXGroup;
			children = (
				83C5A9702837C1DA00C23AB1 /* OnBoardingView.swift */,
				83C5A9642837BF4C00C23AB1 /* ContentView.swift */,
				83C5A9782837E24500C23AB1 /* TabBar.swift */,
				83AFC8F8284FE10F0027031C /* OnBoardingContainerView.swift */,
			);
			path = Navigation;
			sourceTree = "<group>";
		};
		83C5A97A2837E3BF00C23AB1 /* Components */ = {
			isa = PBXGroup;
			children = (
				83C5A9752837D34400C23AB1 /* PButtonStyle.swift */,
				83C5A97B2837E3DA00C23AB1 /* StrokeStyle.swift */,
				83C5A9852837FA0500C23AB1 /* LocationDetailView.swift */,
				830CC40C284F9B0400C7029C /* SectionButton.swift */,
				830CC40E284FA11D00C7029C /* PTextField.swift */,
				83AFC8FA284FEC2C0027031C /* PackageCard.swift */,
			);
			path = Components;
			sourceTree = "<group>";
		};
		83C5A987283805D000C23AB1 /* Tracking */ = {
			isa = PBXGroup;
			children = (
				83C5A9812837E56000C23AB1 /* TrackingSearchView.swift */,
				83C5A9832837ECA800C23AB1 /* TrackingDetailView.swift */,
			);
			path = Tracking;
			sourceTree = "<group>";
		};
		83C5A988283805DC00C23AB1 /* Views */ = {
			isa = PBXGroup;
			children = (
				83C5A989283805E700C23AB1 /* Account */,
				83C5A987283805D000C23AB1 /* Tracking */,
				8352AA60283927BA00B3EA3E /* SessionView.swift */,
				83F8F1822850DE97005A9877 /* TrackingHistoryView.swift */,
				83F8F1842850E89A005A9877 /* LocationStatusView.swift */,
				83D0A10628513BFA0036F393 /* PackageStatusView.swift */,
			);
			path = Views;
			sourceTree = "<group>";
		};
		83C5A989283805E700C23AB1 /* Account */ = {
			isa = PBXGroup;
			children = (
				83C5A98A2838060C00C23AB1 /* AccountView.swift */,
				8352AA5C2839202A00B3EA3E /* ProfileSettingsView.swift */,
				8352AA5E2839245D00B3EA3E /* ResetPasswordView.swift */,
			);
			path = Account;
			sourceTree = "<group>";
		};
		83F8F17D2850DBE7005A9877 /* Model */ = {
			isa = PBXGroup;
			children = (
				83F8F17E2850DBFF005A9877 /* Package.swift */,
				83F8F1802850DC4C005A9877 /* ContentDimension.swift */,
				83D0A10428513AF80036F393 /* PackageLocation.swift */,
				83D0A108285146000036F393 /* AppSetting.swift */,
			);
			path = Model;
			sourceTree = "<group>";
		};
/* End PBXGroup section */

/* Begin PBXNativeTarget section */
		83C5A95E2837BF4C00C23AB1 /* ParcelApp */ = {
			isa = PBXNativeTarget;
			buildConfigurationList = 83C5A96D2837BF4D00C23AB1 /* Build configuration list for PBXNativeTarget "ParcelApp" */;
			buildPhases = (
				83C5A95B2837BF4C00C23AB1 /* Sources */,
				83C5A95C2837BF4C00C23AB1 /* Frameworks */,
				83C5A95D2837BF4C00C23AB1 /* Resources */,
			);
			buildRules = (
			);
			dependencies = (
			);
			name = ParcelApp;
			productName = ParcelApp;
			productReference = 83C5A95F2837BF4C00C23AB1 /* UBox.app */;
			productType = "com.apple.product-type.application";
		};
/* End PBXNativeTarget section */

/* Begin PBXProject section */
		83C5A9572837BF4C00C23AB1 /* Project object */ = {
			isa = PBXProject;
			attributes = {
				BuildIndependentTargetsInParallel = 1;
				LastSwiftUpdateCheck = 1310;
				LastUpgradeCheck = 1310;
				TargetAttributes = {
					83C5A95E2837BF4C00C23AB1 = {
						CreatedOnToolsVersion = 13.1;
					};
				};
			};
			buildConfigurationList = 83C5A95A2837BF4C00C23AB1 /* Build configuration list for PBXProject "ParcelApp" */;
			compatibilityVersion = "Xcode 13.0";
			developmentRegion = en;
			hasScannedForEncodings = 0;
			knownRegions = (
				en,
				Base,
			);
			mainGroup = 83C5A9562837BF4C00C23AB1;
			productRefGroup = 83C5A9602837BF4C00C23AB1 /* Products */;
			projectDirPath = "";
			projectRoot = "";
			targets = (
				83C5A95E2837BF4C00C23AB1 /* ParcelApp */,
			);
		};
/* End PBXProject section */

/* Begin PBXResourcesBuildPhase section */
		83C5A95D2837BF4C00C23AB1 /* Resources */ = {
			isa = PBXResourcesBuildPhase;
			buildActionMask = 2147483647;
			files = (
				83C5A96A2837BF4D00C23AB1 /* Preview Assets.xcassets in Resources */,
				83C5A9672837BF4D00C23AB1 /* Assets.xcassets in Resources */,
			);
			runOnlyForDeploymentPostprocessing = 0;
		};
/* End PBXResourcesBuildPhase section */

/* Begin PBXSourcesBuildPhase section */
		83C5A95B2837BF4C00C23AB1 /* Sources */ = {
			isa = PBXSourcesBuildPhase;
			buildActionMask = 2147483647;
			files = (
				83C5A98B2838060C00C23AB1 /* AccountView.swift in Sources */,
				83AFC8F9284FE10F0027031C /* OnBoardingContainerView.swift in Sources */,
				8352AA61283927BA00B3EA3E /* SessionView.swift in Sources */,
				83C5A9712837C1DA00C23AB1 /* OnBoardingView.swift in Sources */,
				83C5A9762837D34400C23AB1 /* PButtonStyle.swift in Sources */,
				8352AA5F2839245D00B3EA3E /* ResetPasswordView.swift in Sources */,
				83C5A9862837FA0500C23AB1 /* LocationDetailView.swift in Sources */,
				83C5A9822837E56000C23AB1 /* TrackingSearchView.swift in Sources */,
				83C5A97E2837E41300C23AB1 /* View+Extension.swift in Sources */,
				83C5A9842837ECA800C23AB1 /* TrackingDetailView.swift in Sources */,
				83D0A109285146000036F393 /* AppSetting.swift in Sources */,
				830CC40F284FA11D00C7029C /* PTextField.swift in Sources */,
				83C5A9652837BF4C00C23AB1 /* ContentView.swift in Sources */,
				83C5A97C2837E3DA00C23AB1 /* StrokeStyle.swift in Sources */,
				8352AA5D2839202A00B3EA3E /* ProfileSettingsView.swift in Sources */,
				83F8F1812850DC4C005A9877 /* ContentDimension.swift in Sources */,
				83D0A10728513BFA0036F393 /* PackageStatusView.swift in Sources */,
				83C5A9792837E24500C23AB1 /* TabBar.swift in Sources */,
				830CC40D284F9B0400C7029C /* SectionButton.swift in Sources */,
				83AFC8FB284FEC2C0027031C /* PackageCard.swift in Sources */,
				83F8F1832850DE97005A9877 /* TrackingHistoryView.swift in Sources */,
				83C5A9632837BF4C00C23AB1 /* ParcelAppApp.swift in Sources */,
				83F8F17F2850DBFF005A9877 /* Package.swift in Sources */,
				83D0A10528513AF80036F393 /* PackageLocation.swift in Sources */,
				83F8F1852850E89A005A9877 /* LocationStatusView.swift in Sources */,
				83C5A9742837C35A00C23AB1 /* Color+Extension.swift in Sources */,
			);
			runOnlyForDeploymentPostprocessing = 0;
		};
/* End PBXSourcesBuildPhase section */

/* Begin XCBuildConfiguration section */
		83C5A96B2837BF4D00C23AB1 /* Debug */ = {
			isa = XCBuildConfiguration;
			buildSettings = {
				ALWAYS_SEARCH_USER_PATHS = NO;
				CLANG_ANALYZER_NONNULL = YES;
				CLANG_ANALYZER_NUMBER_OBJECT_CONVERSION = YES_AGGRESSIVE;
				CLANG_CXX_LANGUAGE_STANDARD = "gnu++17";
				CLANG_CXX_LIBRARY = "libc++";
				CLANG_ENABLE_MODULES = YES;
				CLANG_ENABLE_OBJC_ARC = YES;
				CLANG_ENABLE_OBJC_WEAK = YES;
				CLANG_WARN_BLOCK_CAPTURE_AUTORELEASING = YES;
				CLANG_WARN_BOOL_CONVERSION = YES;
				CLANG_WARN_COMMA = YES;
				CLANG_WARN_CONSTANT_CONVERSION = YES;
				CLANG_WARN_DEPRECATED_OBJC_IMPLEMENTATIONS = YES;
				CLANG_WARN_DIRECT_OBJC_ISA_USAGE = YES_ERROR;
				CLANG_WARN_DOCUMENTATION_COMMENTS = YES;
				CLANG_WARN_EMPTY_BODY = YES;
				CLANG_WARN_ENUM_CONVERSION = YES;
				CLANG_WARN_INFINITE_RECURSION = YES;
				CLANG_WARN_INT_CONVERSION = YES;
				CLANG_WARN_NON_LITERAL_NULL_CONVERSION = YES;
				CLANG_WARN_OBJC_IMPLICIT_RETAIN_SELF = YES;
				CLANG_WARN_OBJC_LITERAL_CONVERSION = YES;
				CLANG_WARN_OBJC_ROOT_CLASS = YES_ERROR;
				CLANG_WARN_QUOTED_INCLUDE_IN_FRAMEWORK_HEADER = YES;
				CLANG_WARN_RANGE_LOOP_ANALYSIS = YES;
				CLANG_WARN_STRICT_PROTOTYPES = YES;
				CLANG_WARN_SUSPICIOUS_MOVE = YES;
				CLANG_WARN_UNGUARDED_AVAILABILITY = YES_AGGRESSIVE;
				CLANG_WARN_UNREACHABLE_CODE = YES;
				CLANG_WARN__DUPLICATE_METHOD_MATCH = YES;
				COPY_PHASE_STRIP = NO;
				DEBUG_INFORMATION_FORMAT = dwarf;
				ENABLE_STRICT_OBJC_MSGSEND = YES;
				ENABLE_TESTABILITY = YES;
				GCC_C_LANGUAGE_STANDARD = gnu11;
				GCC_DYNAMIC_NO_PIC = NO;
				GCC_NO_COMMON_BLOCKS = YES;
				GCC_OPTIMIZATION_LEVEL = 0;
				GCC_PREPROCESSOR_DEFINITIONS = (
					"DEBUG=1",
					"$(inherited)",
				);
				GCC_WARN_64_TO_32_BIT_CONVERSION = YES;
				GCC_WARN_ABOUT_RETURN_TYPE = YES_ERROR;
				GCC_WARN_UNDECLARED_SELECTOR = YES;
				GCC_WARN_UNINITIALIZED_AUTOS = YES_AGGRESSIVE;
				GCC_WARN_UNUSED_FUNCTION = YES;
				GCC_WARN_UNUSED_VARIABLE = YES;
				IPHONEOS_DEPLOYMENT_TARGET = 15.0;
				MTL_ENABLE_DEBUG_INFO = INCLUDE_SOURCE;
				MTL_FAST_MATH = YES;
				ONLY_ACTIVE_ARCH = YES;
				SDKROOT = iphoneos;
				SWIFT_ACTIVE_COMPILATION_CONDITIONS = DEBUG;
				SWIFT_OPTIMIZATION_LEVEL = "-Onone";
			};
			name = Debug;
		};
		83C5A96C2837BF4D00C23AB1 /* Release */ = {
			isa = XCBuildConfiguration;
			buildSettings = {
				ALWAYS_SEARCH_USER_PATHS = NO;
				CLANG_ANALYZER_NONNULL = YES;
				CLANG_ANALYZER_NUMBER_OBJECT_CONVERSION = YES_AGGRESSIVE;
				CLANG_CXX_LANGUAGE_STANDARD = "gnu++17";
				CLANG_CXX_LIBRARY = "libc++";
				CLANG_ENABLE_MODULES = YES;
				CLANG_ENABLE_OBJC_ARC = YES;
				CLANG_ENABLE_OBJC_WEAK = YES;
				CLANG_WARN_BLOCK_CAPTURE_AUTORELEASING = YES;
				CLANG_WARN_BOOL_CONVERSION = YES;
				CLANG_WARN_COMMA = YES;
				CLANG_WARN_CONSTANT_CONVERSION = YES;
				CLANG_WARN_DEPRECATED_OBJC_IMPLEMENTATIONS = YES;
				CLANG_WARN_DIRECT_OBJC_ISA_USAGE = YES_ERROR;
				CLANG_WARN_DOCUMENTATION_COMMENTS = YES;
				CLANG_WARN_EMPTY_BODY = YES;
				CLANG_WARN_ENUM_CONVERSION = YES;
				CLANG_WARN_INFINITE_RECURSION = YES;
				CLANG_WARN_INT_CONVERSION = YES;
				CLANG_WARN_NON_LITERAL_NULL_CONVERSION = YES;
				CLANG_WARN_OBJC_IMPLICIT_RETAIN_SELF = YES;
				CLANG_WARN_OBJC_LITERAL_CONVERSION = YES;
				CLANG_WARN_OBJC_ROOT_CLASS = YES_ERROR;
				CLANG_WARN_QUOTED_INCLUDE_IN_FRAMEWORK_HEADER = YES;
				CLANG_WARN_RANGE_LOOP_ANALYSIS = YES;
				CLANG_WARN_STRICT_PROTOTYPES = YES;
				CLANG_WARN_SUSPICIOUS_MOVE = YES;
				CLANG_WARN_UNGUARDED_AVAILABILITY = YES_AGGRESSIVE;
				CLANG_WARN_UNREACHABLE_CODE = YES;
				CLANG_WARN__DUPLICATE_METHOD_MATCH = YES;
				COPY_PHASE_STRIP = NO;
				DEBUG_INFORMATION_FORMAT = "dwarf-with-dsym";
				ENABLE_NS_ASSERTIONS = NO;
				ENABLE_STRICT_OBJC_MSGSEND = YES;
				GCC_C_LANGUAGE_STANDARD = gnu11;
				GCC_NO_COMMON_BLOCKS = YES;
				GCC_WARN_64_TO_32_BIT_CONVERSION = YES;
				GCC_WARN_ABOUT_RETURN_TYPE = YES_ERROR;
				GCC_WARN_UNDECLARED_SELECTOR = YES;
				GCC_WARN_UNINITIALIZED_AUTOS = YES_AGGRESSIVE;
				GCC_WARN_UNUSED_FUNCTION = YES;
				GCC_WARN_UNUSED_VARIABLE = YES;
				IPHONEOS_DEPLOYMENT_TARGET = 15.0;
				MTL_ENABLE_DEBUG_INFO = NO;
				MTL_FAST_MATH = YES;
				SDKROOT = iphoneos;
				SWIFT_COMPILATION_MODE = wholemodule;
				SWIFT_OPTIMIZATION_LEVEL = "-O";
				VALIDATE_PRODUCT = YES;
			};
			name = Release;
		};
		83C5A96E2837BF4D00C23AB1 /* Debug */ = {
			isa = XCBuildConfiguration;
			buildSettings = {
				ASSETCATALOG_COMPILER_APPICON_NAME = AppIcon;
				ASSETCATALOG_COMPILER_GLOBAL_ACCENT_COLOR_NAME = AccentColor;
				CODE_SIGN_STYLE = Automatic;
				CURRENT_PROJECT_VERSION = 1;
				DEVELOPMENT_ASSET_PATHS = "\"ParcelApp/Preview Content\"";
				DEVELOPMENT_TEAM = PZJ2LKY34X;
				ENABLE_PREVIEWS = YES;
				GENERATE_INFOPLIST_FILE = YES;
				INFOPLIST_KEY_UIApplicationSceneManifest_Generation = YES;
				INFOPLIST_KEY_UIApplicationSupportsIndirectInputEvents = YES;
				INFOPLIST_KEY_UILaunchScreen_Generation = YES;
				INFOPLIST_KEY_UISupportedInterfaceOrientations = UIInterfaceOrientationPortrait;
				INFOPLIST_KEY_UISupportedInterfaceOrientations_iPad = "UIInterfaceOrientationPortrait UIInterfaceOrientationPortraitUpsideDown UIInterfaceOrientationLandscapeLeft UIInterfaceOrientationLandscapeRight";
				INFOPLIST_KEY_UISupportedInterfaceOrientations_iPhone = "UIInterfaceOrientationPortrait UIInterfaceOrientationLandscapeLeft UIInterfaceOrientationLandscapeRight";
				LD_RUNPATH_SEARCH_PATHS = (
					"$(inherited)",
					"@executable_path/Frameworks",
				);
				MARKETING_VERSION = 1.0;
				PRODUCT_BUNDLE_IDENTIFIER = com.ogdev.ParcelApp;
				PRODUCT_NAME = UBox;
				SWIFT_EMIT_LOC_STRINGS = YES;
				SWIFT_VERSION = 5.0;
				TARGETED_DEVICE_FAMILY = 1;
			};
			name = Debug;
		};
		83C5A96F2837BF4D00C23AB1 /* Release */ = {
			isa = XCBuildConfiguration;
			buildSettings = {
				ASSETCATALOG_COMPILER_APPICON_NAME = AppIcon;
				ASSETCATALOG_COMPILER_GLOBAL_ACCENT_COLOR_NAME = AccentColor;
				CODE_SIGN_STYLE = Automatic;
				CURRENT_PROJECT_VERSION = 1;
				DEVELOPMENT_ASSET_PATHS = "\"ParcelApp/Preview Content\"";
				DEVELOPMENT_TEAM = PZJ2LKY34X;
				ENABLE_PREVIEWS = YES;
				GENERATE_INFOPLIST_FILE = YES;
				INFOPLIST_KEY_UIApplicationSceneManifest_Generation = YES;
				INFOPLIST_KEY_UIApplicationSupportsIndirectInputEvents = YES;
				INFOPLIST_KEY_UILaunchScreen_Generation = YES;
				INFOPLIST_KEY_UISupportedInterfaceOrientations = UIInterfaceOrientationPortrait;
				INFOPLIST_KEY_UISupportedInterfaceOrientations_iPad = "UIInterfaceOrientationPortrait UIInterfaceOrientationPortraitUpsideDown UIInterfaceOrientationLandscapeLeft UIInterfaceOrientationLandscapeRight";
				INFOPLIST_KEY_UISupportedInterfaceOrientations_iPhone = "UIInterfaceOrientationPortrait UIInterfaceOrientationLandscapeLeft UIInterfaceOrientationLandscapeRight";
				LD_RUNPATH_SEARCH_PATHS = (
					"$(inherited)",
					"@executable_path/Frameworks",
				);
				MARKETING_VERSION = 1.0;
				PRODUCT_BUNDLE_IDENTIFIER = com.ogdev.ParcelApp;
				PRODUCT_NAME = UBox;
				SWIFT_EMIT_LOC_STRINGS = YES;
				SWIFT_VERSION = 5.0;
				TARGETED_DEVICE_FAMILY = 1;
			};
			name = Release;
		};
/* End XCBuildConfiguration section */

/* Begin XCConfigurationList section */
		83C5A95A2837BF4C00C23AB1 /* Build configuration list for PBXProject "ParcelApp" */ = {
			isa = XCConfigurationList;
			buildConfigurations = (
				83C5A96B2837BF4D00C23AB1 /* Debug */,
				83C5A96C2837BF4D00C23AB1 /* Release */,
			);
			defaultConfigurationIsVisible = 0;
			defaultConfigurationName = Release;
		};
		83C5A96D2837BF4D00C23AB1 /* Build configuration list for PBXNativeTarget "ParcelApp" */ = {
			isa = XCConfigurationList;
			buildConfigurations = (
				83C5A96E2837BF4D00C23AB1 /* Debug */,
				83C5A96F2837BF4D00C23AB1 /* Release */,
			);
			defaultConfigurationIsVisible = 0;
			defaultConfigurationName = Release;
		};
/* End XCConfigurationList section */
	};
	rootObject = 83C5A9572837BF4C00C23AB1 /* Project object */;
}
